
Microsoft Visual Studio Solution File, Format Version 12.00
# Visual Studio Express 2013 for Web
VisualStudioVersion = 12.0.31101.0
MinimumVisualStudioVersion = 10.0.40219.1
Project("{FAE04EC0-301F-11D3-BF4B-00C04F79EFBC}") = "PieMan", "PieMan.csproj", "{3935017B-DEEF-4424-9746-CD01AC76868B}"
EndProject
Project("{FAE04EC0-301F-11D3-BF4B-00C04F79EFBC}") = "Test.Site", "..\uStats.Site\Test.Site.csproj", "{A3E440A2-61E1-420B-89CC-7AC3DF2F5CA8}"
EndProject
Project("{FAE04EC0-301F-11D3-BF4B-00C04F79EFBC}") = "ThinkOfTheChildren", "..\ThinkOfTheChildren\ThinkOfTheChildren\ThinkOfTheChildren.csproj", "{58FBDDF4-EFB5-4799-8C8D-CDFA714BA6EC}"
EndProject
Project("{FAE04EC0-301F-11D3-BF4B-00C04F79EFBC}") = "Tabulate", "..\Tabulate\Tabulate\Tabulate.csproj", "{17A6F27D-173C-4CF6-9AD8-5597CE38B441}"
EndProject
Project("{FAE04EC0-301F-11D3-BF4B-00C04F79EFBC}") = "Stately", "..\_Stately\Stately.csproj", "{2D38D0A7-7A54-4588-8987-F414B9423238}"
EndProject
Project("{FAE04EC0-301F-11D3-BF4B-00C04F79EFBC}") = "McTaggart", "..\TagYoureIt\McTaggart.csproj", "{A4E196D0-AA73-495B-8FF2-DDEB9EBDAE93}"
EndProject
Global
	GlobalSection(SolutionConfigurationPlatforms) = preSolution
		Debug|Any CPU = Debug|Any CPU
		Release|Any CPU = Release|Any CPU
	EndGlobalSection
	GlobalSection(ProjectConfigurationPlatforms) = postSolution
		{3935017B-DEEF-4424-9746-CD01AC76868B}.Debug|Any CPU.ActiveCfg = Debug|Any CPU
		{3935017B-DEEF-4424-9746-CD01AC76868B}.Debug|Any CPU.Build.0 = Debug|Any CPU
		{3935017B-DEEF-4424-9746-CD01AC76868B}.Release|Any CPU.ActiveCfg = Release|Any CPU
		{3935017B-DEEF-4424-9746-CD01AC76868B}.Release|Any CPU.Build.0 = Release|Any CPU
		{A3E440A2-61E1-420B-89CC-7AC3DF2F5CA8}.Debug|Any CPU.ActiveCfg = Debug|Any CPU
		{A3E440A2-61E1-420B-89CC-7AC3DF2F5CA8}.Debug|Any CPU.Build.0 = Debug|Any CPU
		{A3E440A2-61E1-420B-89CC-7AC3DF2F5CA8}.Release|Any CPU.ActiveCfg = Release|Any CPU
		{A3E440A2-61E1-420B-89CC-7AC3DF2F5CA8}.Release|Any CPU.Build.0 = Release|Any CPU
		{58FBDDF4-EFB5-4799-8C8D-CDFA714BA6EC}.Debug|Any CPU.ActiveCfg = Debug|Any CPU
		{58FBDDF4-EFB5-4799-8C8D-CDFA714BA6EC}.Debug|Any CPU.Build.0 = Debug|Any CPU
		{58FBDDF4-EFB5-4799-8C8D-CDFA714BA6EC}.Release|Any CPU.ActiveCfg = Release|Any CPU
		{58FBDDF4-EFB5-4799-8C8D-CDFA714BA6EC}.Release|Any CPU.Build.0 = Release|Any CPU
		{17A6F27D-173C-4CF6-9AD8-5597CE38B441}.Debug|Any CPU.ActiveCfg = Debug|Any CPU
		{17A6F27D-173C-4CF6-9AD8-5597CE38B441}.Debug|Any CPU.Build.0 = Debug|Any CPU
		{17A6F27D-173C-4CF6-9AD8-5597CE38B441}.Release|Any CPU.ActiveCfg = Release|Any CPU
		{17A6F27D-173C-4CF6-9AD8-5597CE38B441}.Release|Any CPU.Build.0 = Release|Any CPU
		{2D38D0A7-7A54-4588-8987-F414B9423238}.Debug|Any CPU.ActiveCfg = Debug|Any CPU
		{2D38D0A7-7A54-4588-8987-F414B9423238}.Debug|Any CPU.Build.0 = Debug|Any CPU
		{2D38D0A7-7A54-4588-8987-F414B9423238}.Release|Any CPU.ActiveCfg = Release|Any CPU
		{2D38D0A7-7A54-4588-8987-F414B9423238}.Release|Any CPU.Build.0 = Release|Any CPU
		{A4E196D0-AA73-495B-8FF2-DDEB9EBDAE93}.Debug|Any CPU.ActiveCfg = Debug|Any CPU
		{A4E196D0-AA73-495B-8FF2-DDEB9EBDAE93}.Debug|Any CPU.Build.0 = Debug|Any CPU
		{A4E196D0-AA73-495B-8FF2-DDEB9EBDAE93}.Release|Any CPU.ActiveCfg = Release|Any CPU
		{A4E196D0-AA73-495B-8FF2-DDEB9EBDAE93}.Release|Any CPU.Build.0 = Release|Any CPU
	EndGlobalSection
	GlobalSection(SolutionProperties) = preSolution
		HideSolutionNode = FALSE
	EndGlobalSection
EndGlobal
